
Microsoft Visual Studio Solution File, Format Version 12.00
# Visual Studio 14
VisualStudioVersion = 14.0.23107.0
MinimumVisualStudioVersion = 10.0.40219.1
Project("{FAE04EC0-301F-11D3-BF4B-00C04F79EFBC}") = "Lotify", "Lotify\Lotify.csproj", "{1780EA07-9A65-499F-9BA0-81C6494C5A1E}"
EndProject
Global
	GlobalSection(SolutionConfigurationPlatforms) = preSolution
		Debug|Any CPU = Debug|Any CPU
		Release|Any CPU = Release|Any CPU
	EndGlobalSection
	GlobalSection(ProjectConfigurationPlatforms) = postSolution
		{1780EA07-9A65-499F-9BA0-81C6494C5A1E}.Debug|Any CPU.ActiveCfg = Debug|Any CPU
		{1780EA07-9A65-499F-9BA0-81C6494C5A1E}.Debug|Any CPU.Build.0 = Debug|Any CPU
		{1780EA07-9A65-499F-9BA0-81C6494C5A1E}.Release|Any CPU.ActiveCfg = Release|Any CPU
		{1780EA07-9A65-499F-9BA0-81C6494C5A1E}.Release|Any CPU.Build.0 = Release|Any CPU
	EndGlobalSection
	GlobalSection(SolutionProperties) = preSolution
		HideSolutionNode = FALSE
	EndGlobalSection
EndGlobal
